// !$*UTF8*$!
{
	archiveVersion = 1;
	classes = {
	};
	objectVersion = 56;
	objects = {

/* Begin PBXBuildFile section */
		441601C12BACF9D90075C889 /* AppDelegate.swift in Sources */ = {isa = PBXBuildFile; fileRef = 441601C02BACF9D90075C889 /* AppDelegate.swift */; };
		441601C32BACF9D90075C889 /* SceneDelegate.swift in Sources */ = {isa = PBXBuildFile; fileRef = 441601C22BACF9D90075C889 /* SceneDelegate.swift */; };
		441601C52BACF9D90075C889 /* ViewController.swift in Sources */ = {isa = PBXBuildFile; fileRef = 441601C42BACF9D90075C889 /* ViewController.swift */; };
		441601C82BACF9D90075C889 /* Main.storyboard in Resources */ = {isa = PBXBuildFile; fileRef = 441601C62BACF9D90075C889 /* Main.storyboard */; };
		441601CA2BACF9DA0075C889 /* Assets.xcassets in Resources */ = {isa = PBXBuildFile; fileRef = 441601C92BACF9DA0075C889 /* Assets.xcassets */; };
		441601CD2BACF9DA0075C889 /* LaunchScreen.storyboard in Resources */ = {isa = PBXBuildFile; fileRef = 441601CB2BACF9DA0075C889 /* LaunchScreen.storyboard */; };
		441601D82BACF9DA0075C889 /* iTaskTests.swift in Sources */ = {isa = PBXBuildFile; fileRef = 441601D72BACF9DA0075C889 /* iTaskTests.swift */; };
		441601E22BACF9DB0075C889 /* iTaskUITests.swift in Sources */ = {isa = PBXBuildFile; fileRef = 441601E12BACF9DB0075C889 /* iTaskUITests.swift */; };
		441601E42BACF9DB0075C889 /* iTaskUITestsLaunchTests.swift in Sources */ = {isa = PBXBuildFile; fileRef = 441601E32BACF9DB0075C889 /* iTaskUITestsLaunchTests.swift */; };
/* End PBXBuildFile section */

/* Begin PBXContainerItemProxy section */
		441601D42BACF9DA0075C889 /* PBXContainerItemProxy */ = {
			isa = PBXContainerItemProxy;
			containerPortal = 441601B52BACF9D90075C889 /* Project object */;
			proxyType = 1;
			remoteGlobalIDString = 441601BC2BACF9D90075C889;
			remoteInfo = iTask;
		};
		441601DE2BACF9DB0075C889 /* PBXContainerItemProxy */ = {
			isa = PBXContainerItemProxy;
			containerPortal = 441601B52BACF9D90075C889 /* Project object */;
			proxyType = 1;
			remoteGlobalIDString = 441601BC2BACF9D90075C889;
			remoteInfo = iTask;
		};
/* End PBXContainerItemProxy section */

/* Begin PBXFileReference section */
		441601BD2BACF9D90075C889 /* iTask.app */ = {isa = PBXFileReference; explicitFileType = wrapper.application; includeInIndex = 0; path = iTask.app; sourceTree = BUILT_PRODUCTS_DIR; };
		441601C02BACF9D90075C889 /* AppDelegate.swift */ = {isa = PBXFileReference; lastKnownFileType = sourcecode.swift; path = AppDelegate.swift; sourceTree = "<group>"; };
		441601C22BACF9D90075C889 /* SceneDelegate.swift */ = {isa = PBXFileReference; lastKnownFileType = sourcecode.swift; path = SceneDelegate.swift; sourceTree = "<group>"; };
		441601C42BACF9D90075C889 /* ViewController.swift */ = {isa = PBXFileReference; lastKnownFileType = sourcecode.swift; path = ViewController.swift; sourceTree = "<group>"; };
		441601C72BACF9D90075C889 /* Base */ = {isa = PBXFileReference; lastKnownFileType = file.storyboard; name = Base; path = Base.lproj/Main.storyboard; sourceTree = "<group>"; };
		441601C92BACF9DA0075C889 /* Assets.xcassets */ = {isa = PBXFileReference; lastKnownFileType = folder.assetcatalog; path = Assets.xcassets; sourceTree = "<group>"; };
		441601CC2BACF9DA0075C889 /* Base */ = {isa = PBXFileReference; lastKnownFileType = file.storyboard; name = Base; path = Base.lproj/LaunchScreen.storyboard; sourceTree = "<group>"; };
		441601CE2BACF9DA0075C889 /* Info.plist */ = {isa = PBXFileReference; lastKnownFileType = text.plist.xml; path = Info.plist; sourceTree = "<group>"; };
		441601D32BACF9DA0075C889 /* iTaskTests.xctest */ = {isa = PBXFileReference; explicitFileType = wrapper.cfbundle; includeInIndex = 0; path = iTaskTests.xctest; sourceTree = BUILT_PRODUCTS_DIR; };
		441601D72BACF9DA0075C889 /* iTaskTests.swift */ = {isa = PBXFileReference; lastKnownFileType = sourcecode.swift; path = iTaskTests.swift; sourceTree = "<group>"; };
		441601DD2BACF9DB0075C889 /* iTaskUITests.xctest */ = {isa = PBXFileReference; explicitFileType = wrapper.cfbundle; includeInIndex = 0; path = iTaskUITests.xctest; sourceTree = BUILT_PRODUCTS_DIR; };
		441601E12BACF9DB0075C889 /* iTaskUITests.swift */ = {isa = PBXFileReference; lastKnownFileType = sourcecode.swift; path = iTaskUITests.swift; sourceTree = "<group>"; };
		441601E32BACF9DB0075C889 /* iTaskUITestsLaunchTests.swift */ = {isa = PBXFileReference; lastKnownFileType = sourcecode.swift; path = iTaskUITestsLaunchTests.swift; sourceTree = "<group>"; };
/* End PBXFileReference section */

/* Begin PBXFrameworksBuildPhase section */
		441601BA2BACF9D90075C889 /* Frameworks */ = {
			isa = PBXFrameworksBuildPhase;
			buildActionMask = 2147483647;
			files = (
			);
			runOnlyForDeploymentPostprocessing = 0;
		};
		441601D02BACF9DA0075C889 /* Frameworks */ = {
			isa = PBXFrameworksBuildPhase;
			buildActionMask = 2147483647;
			files = (
			);
			runOnlyForDeploymentPostprocessing = 0;
		};
		441601DA2BACF9DA0075C889 /* Frameworks */ = {
			isa = PBXFrameworksBuildPhase;
			buildActionMask = 2147483647;
			files = (
			);
			runOnlyForDeploymentPostprocessing = 0;
		};
/* End PBXFrameworksBuildPhase section */

/* Begin PBXGroup section */
		441601B42BACF9D90075C889 = {
			isa = PBXGroup;
			children = (
				441601BF2BACF9D90075C889 /* iTask */,
				441601D62BACF9DA0075C889 /* iTaskTests */,
				441601E02BACF9DB0075C889 /* iTaskUITests */,
				441601BE2BACF9D90075C889 /* Products */,
			);
			sourceTree = "<group>";
		};
		441601BE2BACF9D90075C889 /* Products */ = {
			isa = PBXGroup;
			children = (
				441601BD2BACF9D90075C889 /* iTask.app */,
				441601D32BACF9DA0075C889 /* iTaskTests.xctest */,
				441601DD2BACF9DB0075C889 /* iTaskUITests.xctest */,
			);
			name = Products;
			sourceTree = "<group>";
		};
		441601BF2BACF9D90075C889 /* iTask */ = {
			isa = PBXGroup;
			children = (
				441601C02BACF9D90075C889 /* AppDelegate.swift */,
				441601C22BACF9D90075C889 /* SceneDelegate.swift */,
				441601C42BACF9D90075C889 /* ViewController.swift */,
				441601C62BACF9D90075C889 /* Main.storyboard */,
				441601C92BACF9DA0075C889 /* Assets.xcassets */,
				441601CB2BACF9DA0075C889 /* LaunchScreen.storyboard */,
				441601CE2BACF9DA0075C889 /* Info.plist */,
			);
			path = iTask;
			sourceTree = "<group>";
		};
		441601D62BACF9DA0075C889 /* iTaskTests */ = {
			isa = PBXGroup;
			children = (
				441601D72BACF9DA0075C889 /* iTaskTests.swift */,
			);
			path = iTaskTests;
			sourceTree = "<group>";
		};
		441601E02BACF9DB0075C889 /* iTaskUITests */ = {
			isa = PBXGroup;
			children = (
				441601E12BACF9DB0075C889 /* iTaskUITests.swift */,
				441601E32BACF9DB0075C889 /* iTaskUITestsLaunchTests.swift */,
			);
			path = iTaskUITests;
			sourceTree = "<group>";
		};
/* End PBXGroup section */

/* Begin PBXNativeTarget section */
		441601BC2BACF9D90075C889 /* iTask */ = {
			isa = PBXNativeTarget;
			buildConfigurationList = 441601E72BACF9DB0075C889 /* Build configuration list for PBXNativeTarget "iTask" */;
			buildPhases = (
				441601B92BACF9D90075C889 /* Sources */,
				441601BA2BACF9D90075C889 /* Frameworks */,
				441601BB2BACF9D90075C889 /* Resources */,
			);
			buildRules = (
			);
			dependencies = (
			);
			name = iTask;
			productName = iTask;
			productReference = 441601BD2BACF9D90075C889 /* iTask.app */;
			productType = "com.apple.product-type.application";
		};
		441601D22BACF9DA0075C889 /* iTaskTests */ = {
			isa = PBXNativeTarget;
			buildConfigurationList = 441601EA2BACF9DB0075C889 /* Build configuration list for PBXNativeTarget "iTaskTests" */;
			buildPhases = (
				441601CF2BACF9DA0075C889 /* Sources */,
				441601D02BACF9DA0075C889 /* Frameworks */,
				441601D12BACF9DA0075C889 /* Resources */,
			);
			buildRules = (
			);
			dependencies = (
				441601D52BACF9DA0075C889 /* PBXTargetDependency */,
			);
			name = iTaskTests;
			productName = iTaskTests;
			productReference = 441601D32BACF9DA0075C889 /* iTaskTests.xctest */;
			productType = "com.apple.product-type.bundle.unit-test";
		};
		441601DC2BACF9DA0075C889 /* iTaskUITests */ = {
			isa = PBXNativeTarget;
			buildConfigurationList = 441601ED2BACF9DB0075C889 /* Build configuration list for PBXNativeTarget "iTaskUITests" */;
			buildPhases = (
				441601D92BACF9DA0075C889 /* Sources */,
				441601DA2BACF9DA0075C889 /* Frameworks */,
				441601DB2BACF9DA0075C889 /* Resources */,
			);
			buildRules = (
			);
			dependencies = (
				441601DF2BACF9DB0075C889 /* PBXTargetDependency */,
			);
			name = iTaskUITests;
			productName = iTaskUITests;
			productReference = 441601DD2BACF9DB0075C889 /* iTaskUITests.xctest */;
			productType = "com.apple.product-type.bundle.ui-testing";
		};
/* End PBXNativeTarget section */

/* Begin PBXProject section */
		441601B52BACF9D90075C889 /* Project object */ = {
			isa = PBXProject;
			attributes = {
				BuildIndependentTargetsInParallel = 1;
				LastSwiftUpdateCheck = 1520;
				LastUpgradeCheck = 1520;
				TargetAttributes = {
					441601BC2BACF9D90075C889 = {
						CreatedOnToolsVersion = 15.2;
					};
					441601D22BACF9DA0075C889 = {
						CreatedOnToolsVersion = 15.2;
						TestTargetID = 441601BC2BACF9D90075C889;
					};
					441601DC2BACF9DA0075C889 = {
						CreatedOnToolsVersion = 15.2;
						TestTargetID = 441601BC2BACF9D90075C889;
					};
				};
			};
			buildConfigurationList = 441601B82BACF9D90075C889 /* Build configuration list for PBXProject "iTask" */;
			compatibilityVersion = "Xcode 14.0";
			developmentRegion = en;
			hasScannedForEncodings = 0;
			knownRegions = (
				en,
				Base,
			);
			mainGroup = 441601B42BACF9D90075C889;
			productRefGroup = 441601BE2BACF9D90075C889 /* Products */;
			projectDirPath = "";
			projectRoot = "";
			targets = (
				441601BC2BACF9D90075C889 /* iTask */,
				441601D22BACF9DA0075C889 /* iTaskTests */,
				441601DC2BACF9DA0075C889 /* iTaskUITests */,
			);
		};
/* End PBXProject section */

/* Begin PBXResourcesBuildPhase section */
		441601BB2BACF9D90075C889 /* Resources */ = {
			isa = PBXResourcesBuildPhase;
			buildActionMask = 2147483647;
			files = (
				441601CD2BACF9DA0075C889 /* LaunchScreen.storyboard in Resources */,
				441601CA2BACF9DA0075C889 /* Assets.xcassets in Resources */,
				441601C82BACF9D90075C889 /* Main.storyboard in Resources */,
			);
			runOnlyForDeploymentPostprocessing = 0;
		};
		441601D12BACF9DA0075C889 /* Resources */ = {
			isa = PBXResourcesBuildPhase;
			buildActionMask = 2147483647;
			files = (
			);
			runOnlyForDeploymentPostprocessing = 0;
		};
		441601DB2BACF9DA0075C889 /* Resources */ = {
			isa = PBXResourcesBuildPhase;
			buildActionMask = 2147483647;
			files = (
			);
			runOnlyForDeploymentPostprocessing = 0;
		};
/* End PBXResourcesBuildPhase section */

/* Begin PBXSourcesBuildPhase section */
		441601B92BACF9D90075C889 /* Sources */ = {
			isa = PBXSourcesBuildPhase;
			buildActionMask = 2147483647;
			files = (
				441601C52BACF9D90075C889 /* ViewController.swift in Sources */,
				441601C12BACF9D90075C889 /* AppDelegate.swift in Sources */,
				441601C32BACF9D90075C889 /* SceneDelegate.swift in Sources */,
			);
			runOnlyForDeploymentPostprocessing = 0;
		};
		441601CF2BACF9DA0075C889 /* Sources */ = {
			isa = PBXSourcesBuildPhase;
			buildActionMask = 2147483647;
			files = (
				441601D82BACF9DA0075C889 /* iTaskTests.swift in Sources */,
			);
			runOnlyForDeploymentPostprocessing = 0;
		};
		441601D92BACF9DA0075C889 /* Sources */ = {
			isa = PBXSourcesBuildPhase;
			buildActionMask = 2147483647;
			files = (
				441601E22BACF9DB0075C889 /* iTaskUITests.swift in Sources */,
				441601E42BACF9DB0075C889 /* iTaskUITestsLaunchTests.swift in Sources */,
			);
			runOnlyForDeploymentPostprocessing = 0;
		};
/* End PBXSourcesBuildPhase section */

/* Begin PBXTargetDependency section */
		441601D52BACF9DA0075C889 /* PBXTargetDependency */ = {
			isa = PBXTargetDependency;
			target = 441601BC2BACF9D90075C889 /* iTask */;
			targetProxy = 441601D42BACF9DA0075C889 /* PBXContainerItemProxy */;
		};
		441601DF2BACF9DB0075C889 /* PBXTargetDependency */ = {
			isa = PBXTargetDependency;
			target = 441601BC2BACF9D90075C889 /* iTask */;
			targetProxy = 441601DE2BACF9DB0075C889 /* PBXContainerItemProxy */;
		};
/* End PBXTargetDependency section */

/* Begin PBXVariantGroup section */
		441601C62BACF9D90075C889 /* Main.storyboard */ = {
			isa = PBXVariantGroup;
			children = (
				441601C72BACF9D90075C889 /* Base */,
			);
			name = Main.storyboard;
			sourceTree = "<group>";
		};
		441601CB2BACF9DA0075C889 /* LaunchScreen.storyboard */ = {
			isa = PBXVariantGroup;
			children = (
				441601CC2BACF9DA0075C889 /* Base */,
			);
			name = LaunchScreen.storyboard;
			sourceTree = "<group>";
		};
/* End PBXVariantGroup section */

/* Begin XCBuildConfiguration section */
		441601E52BACF9DB0075C889 /* Debug */ = {
			isa = XCBuildConfiguration;
			buildSettings = {
				ALWAYS_SEARCH_USER_PATHS = NO;
				ASSETCATALOG_COMPILER_GENERATE_SWIFT_ASSET_SYMBOL_EXTENSIONS = YES;
				CLANG_ANALYZER_NONNULL = YES;
				CLANG_ANALYZER_NUMBER_OBJECT_CONVERSION = YES_AGGRESSIVE;
				CLANG_CXX_LANGUAGE_STANDARD = "gnu++20";
				CLANG_ENABLE_MODULES = YES;
				CLANG_ENABLE_OBJC_ARC = YES;
				CLANG_ENABLE_OBJC_WEAK = YES;
				CLANG_WARN_BLOCK_CAPTURE_AUTORELEASING = YES;
				CLANG_WARN_BOOL_CONVERSION = YES;
				CLANG_WARN_COMMA = YES;
				CLANG_WARN_CONSTANT_CONVERSION = YES;
				CLANG_WARN_DEPRECATED_OBJC_IMPLEMENTATIONS = YES;
				CLANG_WARN_DIRECT_OBJC_ISA_USAGE = YES_ERROR;
				CLANG_WARN_DOCUMENTATION_COMMENTS = YES;
				CLANG_WARN_EMPTY_BODY = YES;
				CLANG_WARN_ENUM_CONVERSION = YES;
				CLANG_WARN_INFINITE_RECURSION = YES;
				CLANG_WARN_INT_CONVERSION = YES;
				CLANG_WARN_NON_LITERAL_NULL_CONVERSION = YES;
				CLANG_WARN_OBJC_IMPLICIT_RETAIN_SELF = YES;
				CLANG_WARN_OBJC_LITERAL_CONVERSION = YES;
				CLANG_WARN_OBJC_ROOT_CLASS = YES_ERROR;
				CLANG_WARN_QUOTED_INCLUDE_IN_FRAMEWORK_HEADER = YES;
				CLANG_WARN_RANGE_LOOP_ANALYSIS = YES;
				CLANG_WARN_STRICT_PROTOTYPES = YES;
				CLANG_WARN_SUSPICIOUS_MOVE = YES;
				CLANG_WARN_UNGUARDED_AVAILABILITY = YES_AGGRESSIVE;
				CLANG_WARN_UNREACHABLE_CODE = YES;
				CLANG_WARN__DUPLICATE_METHOD_MATCH = YES;
				COPY_PHASE_STRIP = NO;
				DEBUG_INFORMATION_FORMAT = dwarf;
				ENABLE_STRICT_OBJC_MSGSEND = YES;
				ENABLE_TESTABILITY = YES;
				ENABLE_USER_SCRIPT_SANDBOXING = YES;
				GCC_C_LANGUAGE_STANDARD = gnu17;
				GCC_DYNAMIC_NO_PIC = NO;
				GCC_NO_COMMON_BLOCKS = YES;
				GCC_OPTIMIZATION_LEVEL = 0;
				GCC_PREPROCESSOR_DEFINITIONS = (
					"DEBUG=1",
					"$(inherited)",
				);
				GCC_WARN_64_TO_32_BIT_CONVERSION = YES;
				GCC_WARN_ABOUT_RETURN_TYPE = YES_ERROR;
				GCC_WARN_UNDECLARED_SELECTOR = YES;
				GCC_WARN_UNINITIALIZED_AUTOS = YES_AGGRESSIVE;
				GCC_WARN_UNUSED_FUNCTION = YES;
				GCC_WARN_UNUSED_VARIABLE = YES;
				IPHONEOS_DEPLOYMENT_TARGET = 17.2;
				LOCALIZATION_PREFERS_STRING_CATALOGS = YES;
				MTL_ENABLE_DEBUG_INFO = INCLUDE_SOURCE;
				MTL_FAST_MATH = YES;
				ONLY_ACTIVE_ARCH = YES;
				SDKROOT = iphoneos;
				SWIFT_ACTIVE_COMPILATION_CONDITIONS = "DEBUG $(inherited)";
				SWIFT_OPTIMIZATION_LEVEL = "-Onone";
			};
			name = Debug;
		};
		441601E62BACF9DB0075C889 /* Release */ = {
			isa = XCBuildConfiguration;
			buildSettings = {
				ALWAYS_SEARCH_USER_PATHS = NO;
				ASSETCATALOG_COMPILER_GENERATE_SWIFT_ASSET_SYMBOL_EXTENSIONS = YES;
				CLANG_ANALYZER_NONNULL = YES;
				CLANG_ANALYZER_NUMBER_OBJECT_CONVERSION = YES_AGGRESSIVE;
				CLANG_CXX_LANGUAGE_STANDARD = "gnu++20";
				CLANG_ENABLE_MODULES = YES;
				CLANG_ENABLE_OBJC_ARC = YES;
				CLANG_ENABLE_OBJC_WEAK = YES;
				CLANG_WARN_BLOCK_CAPTURE_AUTORELEASING = YES;
				CLANG_WARN_BOOL_CONVERSION = YES;
				CLANG_WARN_COMMA = YES;
				CLANG_WARN_CONSTANT_CONVERSION = YES;
				CLANG_WARN_DEPRECATED_OBJC_IMPLEMENTATIONS = YES;
				CLANG_WARN_DIRECT_OBJC_ISA_USAGE = YES_ERROR;
				CLANG_WARN_DOCUMENTATION_COMMENTS = YES;
				CLANG_WARN_EMPTY_BODY = YES;
				CLANG_WARN_ENUM_CONVERSION = YES;
				CLANG_WARN_INFINITE_RECURSION = YES;
				CLANG_WARN_INT_CONVERSION = YES;
				CLANG_WARN_NON_LITERAL_NULL_CONVERSION = YES;
				CLANG_WARN_OBJC_IMPLICIT_RETAIN_SELF = YES;
				CLANG_WARN_OBJC_LITERAL_CONVERSION = YES;
				CLANG_WARN_OBJC_ROOT_CLASS = YES_ERROR;
				CLANG_WARN_QUOTED_INCLUDE_IN_FRAMEWORK_HEADER = YES;
				CLANG_WARN_RANGE_LOOP_ANALYSIS = YES;
				CLANG_WARN_STRICT_PROTOTYPES = YES;
				CLANG_WARN_SUSPICIOUS_MOVE = YES;
				CLANG_WARN_UNGUARDED_AVAILABILITY = YES_AGGRESSIVE;
				CLANG_WARN_UNREACHABLE_CODE = YES;
				CLANG_WARN__DUPLICATE_METHOD_MATCH = YES;
				COPY_PHASE_STRIP = NO;
				DEBUG_INFORMATION_FORMAT = "dwarf-with-dsym";
				ENABLE_NS_ASSERTIONS = NO;
				ENABLE_STRICT_OBJC_MSGSEND = YES;
				ENABLE_USER_SCRIPT_SANDBOXING = YES;
				GCC_C_LANGUAGE_STANDARD = gnu17;
				GCC_NO_COMMON_BLOCKS = YES;
				GCC_WARN_64_TO_32_BIT_CONVERSION = YES;
				GCC_WARN_ABOUT_RETURN_TYPE = YES_ERROR;
				GCC_WARN_UNDECLARED_SELECTOR = YES;
				GCC_WARN_UNINITIALIZED_AUTOS = YES_AGGRESSIVE;
				GCC_WARN_UNUSED_FUNCTION = YES;
				GCC_WARN_UNUSED_VARIABLE = YES;
				IPHONEOS_DEPLOYMENT_TARGET = 17.2;
				LOCALIZATION_PREFERS_STRING_CATALOGS = YES;
				MTL_ENABLE_DEBUG_INFO = NO;
				MTL_FAST_MATH = YES;
				SDKROOT = iphoneos;
				SWIFT_COMPILATION_MODE = wholemodule;
				VALIDATE_PRODUCT = YES;
			};
			name = Release;
		};
		441601E82BACF9DB0075C889 /* Debug */ = {
			isa = XCBuildConfiguration;
			buildSettings = {
				ASSETCATALOG_COMPILER_APPICON_NAME = AppIcon;
				ASSETCATALOG_COMPILER_GLOBAL_ACCENT_COLOR_NAME = AccentColor;
				CODE_SIGN_STYLE = Automatic;
				CURRENT_PROJECT_VERSION = 1;
				GENERATE_INFOPLIST_FILE = YES;
				INFOPLIST_FILE = iTask/Info.plist;
				INFOPLIST_KEY_UIApplicationSupportsIndirectInputEvents = YES;
				INFOPLIST_KEY_UILaunchStoryboardName = LaunchScreen;
				INFOPLIST_KEY_UIMainStoryboardFile = Main;
				INFOPLIST_KEY_UISupportedInterfaceOrientations_iPad = "UIInterfaceOrientationPortrait UIInterfaceOrientationPortraitUpsideDown UIInterfaceOrientationLandscapeLeft UIInterfaceOrientationLandscapeRight";
				INFOPLIST_KEY_UISupportedInterfaceOrientations_iPhone = "UIInterfaceOrientationPortrait UIInterfaceOrientationLandscapeLeft UIInterfaceOrientationLandscapeRight";
				LD_RUNPATH_SEARCH_PATHS = (
					"$(inherited)",
					"@executable_path/Frameworks",
				);
				MARKETING_VERSION = 1.0;
				PRODUCT_BUNDLE_IDENTIFIER = ca.gbc.iTask;
				PRODUCT_NAME = "$(TARGET_NAME)";
				SWIFT_EMIT_LOC_STRINGS = YES;
				SWIFT_VERSION = 5.0;
				TARGETED_DEVICE_FAMILY = "1,2";
			};
			name = Debug;
		};
		441601E92BACF9DB0075C889 /* Release */ = {
			isa = XCBuildConfiguration;
			buildSettings = {
				ASSETCATALOG_COMPILER_APPICON_NAME = AppIcon;
				ASSETCATALOG_COMPILER_GLOBAL_ACCENT_COLOR_NAME = AccentColor;
				CODE_SIGN_STYLE = Automatic;
				CURRENT_PROJECT_VERSION = 1;
				GENERATE_INFOPLIST_FILE = YES;
				INFOPLIST_FILE = iTask/Info.plist;
				INFOPLIST_KEY_UIApplicationSupportsIndirectInputEvents = YES;
				INFOPLIST_KEY_UILaunchStoryboardName = LaunchScreen;
				INFOPLIST_KEY_UIMainStoryboardFile = Main;
				INFOPLIST_KEY_UISupportedInterfaceOrientations_iPad = "UIInterfaceOrientationPortrait UIInterfaceOrientationPortraitUpsideDown UIInterfaceOrientationLandscapeLeft UIInterfaceOrientationLandscapeRight";
				INFOPLIST_KEY_UISupportedInterfaceOrientations_iPhone = "UIInterfaceOrientationPortrait UIInterfaceOrientationLandscapeLeft UIInterfaceOrientationLandscapeRight";
				LD_RUNPATH_SEARCH_PATHS = (
					"$(inherited)",
					"@executable_path/Frameworks",
				);
				MARKETING_VERSION = 1.0;
				PRODUCT_BUNDLE_IDENTIFIER = ca.gbc.iTask;
				PRODUCT_NAME = "$(TARGET_NAME)";
				SWIFT_EMIT_LOC_STRINGS = YES;
				SWIFT_VERSION = 5.0;
				TARGETED_DEVICE_FAMILY = "1,2";
			};
			name = Release;
		};
		441601EB2BACF9DB0075C889 /* Debug */ = {
			isa = XCBuildConfiguration;
			buildSettings = {
				ALWAYS_EMBED_SWIFT_STANDARD_LIBRARIES = YES;
				BUNDLE_LOADER = "$(TEST_HOST)";
				CODE_SIGN_STYLE = Automatic;
				CURRENT_PROJECT_VERSION = 1;
				GENERATE_INFOPLIST_FILE = YES;
				IPHONEOS_DEPLOYMENT_TARGET = 17.2;
				MARKETING_VERSION = 1.0;
				PRODUCT_BUNDLE_IDENTIFIER = ca.gbc.iTaskTests;
				PRODUCT_NAME = "$(TARGET_NAME)";
				SWIFT_EMIT_LOC_STRINGS = NO;
				SWIFT_VERSION = 5.0;
				TARGETED_DEVICE_FAMILY = "1,2";
				TEST_HOST = "$(BUILT_PRODUCTS_DIR)/iTask.app/$(BUNDLE_EXECUTABLE_FOLDER_PATH)/iTask";
			};
			name = Debug;
		};
		441601EC2BACF9DB0075C889 /* Release */ = {
			isa = XCBuildConfiguration;
			buildSettings = {
				ALWAYS_EMBED_SWIFT_STANDARD_LIBRARIES = YES;
				BUNDLE_LOADER = "$(TEST_HOST)";
				CODE_SIGN_STYLE = Automatic;
				CURRENT_PROJECT_VERSION = 1;
				GENERATE_INFOPLIST_FILE = YES;
				IPHONEOS_DEPLOYMENT_TARGET = 17.2;
				MARKETING_VERSION = 1.0;
				PRODUCT_BUNDLE_IDENTIFIER = ca.gbc.iTaskTests;
				PRODUCT_NAME = "$(TARGET_NAME)";
				SWIFT_EMIT_LOC_STRINGS = NO;
				SWIFT_VERSION = 5.0;
				TARGETED_DEVICE_FAMILY = "1,2";
				TEST_HOST = "$(BUILT_PRODUCTS_DIR)/iTask.app/$(BUNDLE_EXECUTABLE_FOLDER_PATH)/iTask";
			};
			name = Release;
		};
		441601EE2BACF9DB0075C889 /* Debug */ = {
			isa = XCBuildConfiguration;
			buildSettings = {
				ALWAYS_EMBED_SWIFT_STANDARD_LIBRARIES = YES;
				CODE_SIGN_STYLE = Automatic;
				CURRENT_PROJECT_VERSION = 1;
				GENERATE_INFOPLIST_FILE = YES;
				MARKETING_VERSION = 1.0;
				PRODUCT_BUNDLE_IDENTIFIER = ca.gbc.iTaskUITests;
				PRODUCT_NAME = "$(TARGET_NAME)";
				SWIFT_EMIT_LOC_STRINGS = NO;
				SWIFT_VERSION = 5.0;
				TARGETED_DEVICE_FAMILY = "1,2";
				TEST_TARGET_NAME = iTask;
			};
			name = Debug;
		};
		441601EF2BACF9DB0075C889 /* Release */ = {
			isa = XCBuildConfiguration;
			buildSettings = {
				ALWAYS_EMBED_SWIFT_STANDARD_LIBRARIES = YES;
				CODE_SIGN_STYLE = Automatic;
				CURRENT_PROJECT_VERSION = 1;
				GENERATE_INFOPLIST_FILE = YES;
				MARKETING_VERSION = 1.0;
				PRODUCT_BUNDLE_IDENTIFIER = ca.gbc.iTaskUITests;
				PRODUCT_NAME = "$(TARGET_NAME)";
				SWIFT_EMIT_LOC_STRINGS = NO;
				SWIFT_VERSION = 5.0;
				TARGETED_DEVICE_FAMILY = "1,2";
				TEST_TARGET_NAME = iTask;
			};
			name = Release;
		};
/* End XCBuildConfiguration section */

/* Begin XCConfigurationList section */
		441601B82BACF9D90075C889 /* Build configuration list for PBXProject "iTask" */ = {
			isa = XCConfigurationList;
			buildConfigurations = (
				441601E52BACF9DB0075C889 /* Debug */,
				441601E62BACF9DB0075C889 /* Release */,
			);
			defaultConfigurationIsVisible = 0;
			defaultConfigurationName = Release;
		};
		441601E72BACF9DB0075C889 /* Build configuration list for PBXNativeTarget "iTask" */ = {
			isa = XCConfigurationList;
			buildConfigurations = (
				441601E82BACF9DB0075C889 /* Debug */,
				441601E92BACF9DB0075C889 /* Release */,
			);
			defaultConfigurationIsVisible = 0;
			defaultConfigurationName = Release;
		};
		441601EA2BACF9DB0075C889 /* Build configuration list for PBXNativeTarget "iTaskTests" */ = {
			isa = XCConfigurationList;
			buildConfigurations = (
				441601EB2BACF9DB0075C889 /* Debug */,
				441601EC2BACF9DB0075C889 /* Release */,
			);
			defaultConfigurationIsVisible = 0;
			defaultConfigurationName = Release;
		};
		441601ED2BACF9DB0075C889 /* Build configuration list for PBXNativeTarget "iTaskUITests" */ = {
			isa = XCConfigurationList;
			buildConfigurations = (
				441601EE2BACF9DB0075C889 /* Debug */,
				441601EF2BACF9DB0075C889 /* Release */,
			);
			defaultConfigurationIsVisible = 0;
			defaultConfigurationName = Release;
		};
/* End XCConfigurationList section */
	};
	rootObject = 441601B52BACF9D90075C889 /* Project object */;
}
